
Microsoft Visual Studio Solution File, Format Version 12.00
# Visual Studio Version 17
VisualStudioVersion = 17.5.002.0
MinimumVisualStudioVersion = 10.0.40219.1
Project("{2150E333-8FDC-42A3-9474-1A3956D46DE8}") = "prepare", "prepare", "{00D0E9F9-D05F-459F-9DE9-08A388980E2D}"
EndProject
Project("{9A19103F-16F7-4668-BE54-9A1E7A4F7556}") = "Learning02", "prepare\Learning02\Learning02.csproj", "{24C8C2DC-7739-460F-83BE-93B44145C1A3}"
EndProject
Project("{9A19103F-16F7-4668-BE54-9A1E7A4F7556}") = "Learning05", "prepare\Learning05\Learning05.csproj", "{B0089274-BE82-4B4F-BA70-4E1B37A01E96}"
EndProject
Project("{9A19103F-16F7-4668-BE54-9A1E7A4F7556}") = "Learning04", "prepare\Learning04\Learning04.csproj", "{139549B3-0BC5-4C58-BBBD-39A9454431F3}"
EndProject
Project("{9A19103F-16F7-4668-BE54-9A1E7A4F7556}") = "Learning03", "prepare\Learning03\Learning03.csproj", "{230C8EF3-8E53-4116-A0FA-DBFD5BDDB50D}"
EndProject
Project("{2150E333-8FDC-42A3-9474-1A3956D46DE8}") = "prove", "prove", "{9EBACD26-7B50-4504-B798-B1A18E328557}"
EndProject
Project("{9A19103F-16F7-4668-BE54-9A1E7A4F7556}") = "Develop03", "prove\Develop03\Develop03.csproj", "{347B7148-0488-4D30-8AB8-768EC3418100}"
EndProject
Project("{9A19103F-16F7-4668-BE54-9A1E7A4F7556}") = "Develop04", "prove\Develop04\Develop04.csproj", "{0B268F0E-421D-49C6-93A2-F7A7AA47B790}"
EndProject
Project("{9A19103F-16F7-4668-BE54-9A1E7A4F7556}") = "Develop05", "prove\Develop05\Develop05.csproj", "{9323B580-C63C-472C-8A14-F4CB6E84D601}"
EndProject
Project("{9A19103F-16F7-4668-BE54-9A1E7A4F7556}") = "Develop02", "prove\Develop02\Develop02.csproj", "{890690C8-47D9-49EC-A056-C2DAAD025D18}"
EndProject
Project("{2150E333-8FDC-42A3-9474-1A3956D46DE8}") = "sandbox", "sandbox", "{55C71CB9-1DAA-4E99-AF15-7F0E7A59DEAD}"
EndProject
Project("{9A19103F-16F7-4668-BE54-9A1E7A4F7556}") = "Sandbox", "sandbox\Sandbox\Sandbox.csproj", "{6B08C730-14B3-4A5F-8247-1AEE94479B65}"
EndProject
Project("{2150E333-8FDC-42A3-9474-1A3956D46DE8}") = "final", "final", "{E7C5E266-8D3C-4BF7-BCB8-7D5B107F69F8}"
EndProject
Project("{9A19103F-16F7-4668-BE54-9A1E7A4F7556}") = "FinalProject", "final\FinalProject\FinalProject.csproj", "{C8C521E8-F79D-4362-8590-B4558CE16318}"
EndProject
Project("{9A19103F-16F7-4668-BE54-9A1E7A4F7556}") = "Foundation1", "final\Foundation1\Foundation1.csproj", "{9E6D02D2-88EB-487E-B6E4-90BE95554AD8}"
EndProject
Project("{9A19103F-16F7-4668-BE54-9A1E7A4F7556}") = "Foundation4", "final\Foundation4\Foundation4.csproj", "{301E441D-FE26-4722-8A69-8BEDDF5FF32C}"
EndProject
Project("{9A19103F-16F7-4668-BE54-9A1E7A4F7556}") = "Foundation3", "final\Foundation3\Foundation3.csproj", "{E9306D01-FE43-442D-9409-16921E072E2A}"
EndProject
Project("{9A19103F-16F7-4668-BE54-9A1E7A4F7556}") = "Foundation2", "final\Foundation2\Foundation2.csproj", "{1BC33008-F875-46DF-A58A-B42FC63B1DAD}"
EndProject
Project("{2150E333-8FDC-42A3-9474-1A3956D46DE8}") = "csharp-prep", "csharp-prep", "{C9E56005-B1E8-438E-A2D8-7C27DF4AA5E3}"
EndProject
Project("{9A19103F-16F7-4668-BE54-9A1E7A4F7556}") = "Prep1", "csharp-prep\Prep1\Prep1.csproj", "{90A8E841-F8A2-4480-9B94-EE4F2F2BEF81}"
EndProject
Project("{9A19103F-16F7-4668-BE54-9A1E7A4F7556}") = "Prep5", "csharp-prep\Prep5\Prep5.csproj", "{D310D17C-57E4-4626-B5B4-D3479C5FDE6D}"
EndProject
Project("{9A19103F-16F7-4668-BE54-9A1E7A4F7556}") = "Prep2", "csharp-prep\Prep2\Prep2.csproj", "{F62B763E-41FE-460D-B0A1-657107224824}"
EndProject
Project("{9A19103F-16F7-4668-BE54-9A1E7A4F7556}") = "Prep3", "csharp-prep\Prep3\Prep3.csproj", "{D5C5DC48-83BE-45FF-BF89-D0EB2F4A4591}"
EndProject
Project("{9A19103F-16F7-4668-BE54-9A1E7A4F7556}") = "Prep4", "csharp-prep\Prep4\Prep4.csproj", "{DF211EE3-DA03-4083-B02F-121FAFEDE821}"
EndProject
Global
	GlobalSection(SolutionConfigurationPlatforms) = preSolution
		Debug|Any CPU = Debug|Any CPU
		Release|Any CPU = Release|Any CPU
	EndGlobalSection
	GlobalSection(ProjectConfigurationPlatforms) = postSolution
		{24C8C2DC-7739-460F-83BE-93B44145C1A3}.Debug|Any CPU.ActiveCfg = Debug|Any CPU
		{24C8C2DC-7739-460F-83BE-93B44145C1A3}.Debug|Any CPU.Build.0 = Debug|Any CPU
		{24C8C2DC-7739-460F-83BE-93B44145C1A3}.Release|Any CPU.ActiveCfg = Release|Any CPU
		{24C8C2DC-7739-460F-83BE-93B44145C1A3}.Release|Any CPU.Build.0 = Release|Any CPU
		{B0089274-BE82-4B4F-BA70-4E1B37A01E96}.Debug|Any CPU.ActiveCfg = Debug|Any CPU
		{B0089274-BE82-4B4F-BA70-4E1B37A01E96}.Debug|Any CPU.Build.0 = Debug|Any CPU
		{B0089274-BE82-4B4F-BA70-4E1B37A01E96}.Release|Any CPU.ActiveCfg = Release|Any CPU
		{B0089274-BE82-4B4F-BA70-4E1B37A01E96}.Release|Any CPU.Build.0 = Release|Any CPU
		{139549B3-0BC5-4C58-BBBD-39A9454431F3}.Debug|Any CPU.ActiveCfg = Debug|Any CPU
		{139549B3-0BC5-4C58-BBBD-39A9454431F3}.Debug|Any CPU.Build.0 = Debug|Any CPU
		{139549B3-0BC5-4C58-BBBD-39A9454431F3}.Release|Any CPU.ActiveCfg = Release|Any CPU
		{139549B3-0BC5-4C58-BBBD-39A9454431F3}.Release|Any CPU.Build.0 = Release|Any CPU
		{230C8EF3-8E53-4116-A0FA-DBFD5BDDB50D}.Debug|Any CPU.ActiveCfg = Debug|Any CPU
		{230C8EF3-8E53-4116-A0FA-DBFD5BDDB50D}.Debug|Any CPU.Build.0 = Debug|Any CPU
		{230C8EF3-8E53-4116-A0FA-DBFD5BDDB50D}.Release|Any CPU.ActiveCfg = Release|Any CPU
		{230C8EF3-8E53-4116-A0FA-DBFD5BDDB50D}.Release|Any CPU.Build.0 = Release|Any CPU
		{347B7148-0488-4D30-8AB8-768EC3418100}.Debug|Any CPU.ActiveCfg = Debug|Any CPU
		{347B7148-0488-4D30-8AB8-768EC3418100}.Debug|Any CPU.Build.0 = Debug|Any CPU
		{347B7148-0488-4D30-8AB8-768EC3418100}.Release|Any CPU.ActiveCfg = Release|Any CPU
		{347B7148-0488-4D30-8AB8-768EC3418100}.Release|Any CPU.Build.0 = Release|Any CPU
		{0B268F0E-421D-49C6-93A2-F7A7AA47B790}.Debug|Any CPU.ActiveCfg = Debug|Any CPU
		{0B268F0E-421D-49C6-93A2-F7A7AA47B790}.Debug|Any CPU.Build.0 = Debug|Any CPU
		{0B268F0E-421D-49C6-93A2-F7A7AA47B790}.Release|Any CPU.ActiveCfg = Release|Any CPU
		{0B268F0E-421D-49C6-93A2-F7A7AA47B790}.Release|Any CPU.Build.0 = Release|Any CPU
		{9323B580-C63C-472C-8A14-F4CB6E84D601}.Debug|Any CPU.ActiveCfg = Debug|Any CPU
		{9323B580-C63C-472C-8A14-F4CB6E84D601}.Debug|Any CPU.Build.0 = Debug|Any CPU
		{9323B580-C63C-472C-8A14-F4CB6E84D601}.Release|Any CPU.ActiveCfg = Release|Any CPU
		{9323B580-C63C-472C-8A14-F4CB6E84D601}.Release|Any CPU.Build.0 = Release|Any CPU
		{890690C8-47D9-49EC-A056-C2DAAD025D18}.Debug|Any CPU.ActiveCfg = Debug|Any CPU
		{890690C8-47D9-49EC-A056-C2DAAD025D18}.Debug|Any CPU.Build.0 = Debug|Any CPU
		{890690C8-47D9-49EC-A056-C2DAAD025D18}.Release|Any CPU.ActiveCfg = Release|Any CPU
		{890690C8-47D9-49EC-A056-C2DAAD025D18}.Release|Any CPU.Build.0 = Release|Any CPU
		{6B08C730-14B3-4A5F-8247-1AEE94479B65}.Debug|Any CPU.ActiveCfg = Debug|Any CPU
		{6B08C730-14B3-4A5F-8247-1AEE94479B65}.Debug|Any CPU.Build.0 = Debug|Any CPU
		{6B08C730-14B3-4A5F-8247-1AEE94479B65}.Release|Any CPU.ActiveCfg = Release|Any CPU
		{6B08C730-14B3-4A5F-8247-1AEE94479B65}.Release|Any CPU.Build.0 = Release|Any CPU
		{C8C521E8-F79D-4362-8590-B4558CE16318}.Debug|Any CPU.ActiveCfg = Debug|Any CPU
		{C8C521E8-F79D-4362-8590-B4558CE16318}.Debug|Any CPU.Build.0 = Debug|Any CPU
		{C8C521E8-F79D-4362-8590-B4558CE16318}.Release|Any CPU.ActiveCfg = Release|Any CPU
		{C8C521E8-F79D-4362-8590-B4558CE16318}.Release|Any CPU.Build.0 = Release|Any CPU
		{9E6D02D2-88EB-487E-B6E4-90BE95554AD8}.Debug|Any CPU.ActiveCfg = Debug|Any CPU
		{9E6D02D2-88EB-487E-B6E4-90BE95554AD8}.Debug|Any CPU.Build.0 = Debug|Any CPU
		{9E6D02D2-88EB-487E-B6E4-90BE95554AD8}.Release|Any CPU.ActiveCfg = Release|Any CPU
		{9E6D02D2-88EB-487E-B6E4-90BE95554AD8}.Release|Any CPU.Build.0 = Release|Any CPU
		{301E441D-FE26-4722-8A69-8BEDDF5FF32C}.Debug|Any CPU.ActiveCfg = Debug|Any CPU
		{301E441D-FE26-4722-8A69-8BEDDF5FF32C}.Debug|Any CPU.Build.0 = Debug|Any CPU
		{301E441D-FE26-4722-8A69-8BEDDF5FF32C}.Release|Any CPU.ActiveCfg = Release|Any CPU
		{301E441D-FE26-4722-8A69-8BEDDF5FF32C}.Release|Any CPU.Build.0 = Release|Any CPU
		{E9306D01-FE43-442D-9409-16921E072E2A}.Debug|Any CPU.ActiveCfg = Debug|Any CPU
		{E9306D01-FE43-442D-9409-16921E072E2A}.Debug|Any CPU.Build.0 = Debug|Any CPU
		{E9306D01-FE43-442D-9409-16921E072E2A}.Release|Any CPU.ActiveCfg = Release|Any CPU
		{E9306D01-FE43-442D-9409-16921E072E2A}.Release|Any CPU.Build.0 = Release|Any CPU
		{1BC33008-F875-46DF-A58A-B42FC63B1DAD}.Debug|Any CPU.ActiveCfg = Debug|Any CPU
		{1BC33008-F875-46DF-A58A-B42FC63B1DAD}.Debug|Any CPU.Build.0 = Debug|Any CPU
		{1BC33008-F875-46DF-A58A-B42FC63B1DAD}.Release|Any CPU.ActiveCfg = Release|Any CPU
		{1BC33008-F875-46DF-A58A-B42FC63B1DAD}.Release|Any CPU.Build.0 = Release|Any CPU
		{90A8E841-F8A2-4480-9B94-EE4F2F2BEF81}.Debug|Any CPU.ActiveCfg = Debug|Any CPU
		{90A8E841-F8A2-4480-9B94-EE4F2F2BEF81}.Debug|Any CPU.Build.0 = Debug|Any CPU
		{90A8E841-F8A2-4480-9B94-EE4F2F2BEF81}.Release|Any CPU.ActiveCfg = Release|Any CPU
		{90A8E841-F8A2-4480-9B94-EE4F2F2BEF81}.Release|Any CPU.Build.0 = Release|Any CPU
		{D310D17C-57E4-4626-B5B4-D3479C5FDE6D}.Debug|Any CPU.ActiveCfg = Debug|Any CPU
		{D310D17C-57E4-4626-B5B4-D3479C5FDE6D}.Debug|Any CPU.Build.0 = Debug|Any CPU
		{D310D17C-57E4-4626-B5B4-D3479C5FDE6D}.Release|Any CPU.ActiveCfg = Release|Any CPU
		{D310D17C-57E4-4626-B5B4-D3479C5FDE6D}.Release|Any CPU.Build.0 = Release|Any CPU
		{F62B763E-41FE-460D-B0A1-657107224824}.Debug|Any CPU.ActiveCfg = Debug|Any CPU
		{F62B763E-41FE-460D-B0A1-657107224824}.Debug|Any CPU.Build.0 = Debug|Any CPU
		{F62B763E-41FE-460D-B0A1-657107224824}.Release|Any CPU.ActiveCfg = Release|Any CPU
		{F62B763E-41FE-460D-B0A1-657107224824}.Release|Any CPU.Build.0 = Release|Any CPU
		{D5C5DC48-83BE-45FF-BF89-D0EB2F4A4591}.Debug|Any CPU.ActiveCfg = Debug|Any CPU
		{D5C5DC48-83BE-45FF-BF89-D0EB2F4A4591}.Debug|Any CPU.Build.0 = Debug|Any CPU
		{D5C5DC48-83BE-45FF-BF89-D0EB2F4A4591}.Release|Any CPU.ActiveCfg = Release|Any CPU
		{D5C5DC48-83BE-45FF-BF89-D0EB2F4A4591}.Release|Any CPU.Build.0 = Release|Any CPU
		{DF211EE3-DA03-4083-B02F-121FAFEDE821}.Debug|Any CPU.ActiveCfg = Debug|Any CPU
		{DF211EE3-DA03-4083-B02F-121FAFEDE821}.Debug|Any CPU.Build.0 = Debug|Any CPU
		{DF211EE3-DA03-4083-B02F-121FAFEDE821}.Release|Any CPU.ActiveCfg = Release|Any CPU
		{DF211EE3-DA03-4083-B02F-121FAFEDE821}.Release|Any CPU.Build.0 = Release|Any CPU
	EndGlobalSection
	GlobalSection(SolutionProperties) = preSolution
		HideSolutionNode = FALSE
	EndGlobalSection
	GlobalSection(NestedProjects) = preSolution
		{24C8C2DC-7739-460F-83BE-93B44145C1A3} = {00D0E9F9-D05F-459F-9DE9-08A388980E2D}
		{B0089274-BE82-4B4F-BA70-4E1B37A01E96} = {00D0E9F9-D05F-459F-9DE9-08A388980E2D}
		{139549B3-0BC5-4C58-BBBD-39A9454431F3} = {00D0E9F9-D05F-459F-9DE9-08A388980E2D}
		{230C8EF3-8E53-4116-A0FA-DBFD5BDDB50D} = {00D0E9F9-D05F-459F-9DE9-08A388980E2D}
		{347B7148-0488-4D30-8AB8-768EC3418100} = {9EBACD26-7B50-4504-B798-B1A18E328557}
		{0B268F0E-421D-49C6-93A2-F7A7AA47B790} = {9EBACD26-7B50-4504-B798-B1A18E328557}
		{9323B580-C63C-472C-8A14-F4CB6E84D601} = {9EBACD26-7B50-4504-B798-B1A18E328557}
		{890690C8-47D9-49EC-A056-C2DAAD025D18} = {9EBACD26-7B50-4504-B798-B1A18E328557}
		{6B08C730-14B3-4A5F-8247-1AEE94479B65} = {55C71CB9-1DAA-4E99-AF15-7F0E7A59DEAD}
		{C8C521E8-F79D-4362-8590-B4558CE16318} = {E7C5E266-8D3C-4BF7-BCB8-7D5B107F69F8}
		{9E6D02D2-88EB-487E-B6E4-90BE95554AD8} = {E7C5E266-8D3C-4BF7-BCB8-7D5B107F69F8}
		{301E441D-FE26-4722-8A69-8BEDDF5FF32C} = {E7C5E266-8D3C-4BF7-BCB8-7D5B107F69F8}
		{E9306D01-FE43-442D-9409-16921E072E2A} = {E7C5E266-8D3C-4BF7-BCB8-7D5B107F69F8}
		{1BC33008-F875-46DF-A58A-B42FC63B1DAD} = {E7C5E266-8D3C-4BF7-BCB8-7D5B107F69F8}
		{90A8E841-F8A2-4480-9B94-EE4F2F2BEF81} = {C9E56005-B1E8-438E-A2D8-7C27DF4AA5E3}
		{D310D17C-57E4-4626-B5B4-D3479C5FDE6D} = {C9E56005-B1E8-438E-A2D8-7C27DF4AA5E3}
		{F62B763E-41FE-460D-B0A1-657107224824} = {C9E56005-B1E8-438E-A2D8-7C27DF4AA5E3}
		{D5C5DC48-83BE-45FF-BF89-D0EB2F4A4591} = {C9E56005-B1E8-438E-A2D8-7C27DF4AA5E3}
		{DF211EE3-DA03-4083-B02F-121FAFEDE821} = {C9E56005-B1E8-438E-A2D8-7C27DF4AA5E3}
	EndGlobalSection
	GlobalSection(ExtensibilityGlobals) = postSolution
		SolutionGuid = {7D43D80A-98FD-4D0B-ACBF-A06753F3E966}
	EndGlobalSection
EndGlobal
