
Microsoft Visual Studio Solution File, Format Version 12.00
# Visual Studio Version 17
VisualStudioVersion = 17.5.002.0
MinimumVisualStudioVersion = 10.0.40219.1
Project("{9A19103F-16F7-4668-BE54-9A1E7A4F7556}") = "Develop02", "Develop02.csproj", "{4813CC1A-8594-480B-BAE6-1C7EF3D8A733}"
EndProject
Global
	GlobalSection(SolutionConfigurationPlatforms) = preSolution
		Debug|Any CPU = Debug|Any CPU
		Release|Any CPU = Release|Any CPU
	EndGlobalSection
	GlobalSection(ProjectConfigurationPlatforms) = postSolution
		{4813CC1A-8594-480B-BAE6-1C7EF3D8A733}.Debug|Any CPU.ActiveCfg = Debug|Any CPU
		{4813CC1A-8594-480B-BAE6-1C7EF3D8A733}.Debug|Any CPU.Build.0 = Debug|Any CPU
		{4813CC1A-8594-480B-BAE6-1C7EF3D8A733}.Release|Any CPU.ActiveCfg = Release|Any CPU
		{4813CC1A-8594-480B-BAE6-1C7EF3D8A733}.Release|Any CPU.Build.0 = Release|Any CPU
	EndGlobalSection
	GlobalSection(SolutionProperties) = preSolution
		HideSolutionNode = FALSE
	EndGlobalSection
	GlobalSection(ExtensibilityGlobals) = postSolution
		SolutionGuid = {2D673DBE-5E32-412C-A497-4E8A08054C4B}
	EndGlobalSection
EndGlobal
